<?xml version="1.0" encoding="utf-8"?>
<Project ToolsVersion="4.0" xmlns="http://schemas.microsoft.com/developer/msbuild/2003">
  <ItemGroup>
    <ClCompile Include="..\..\glportal\external\RadixEngine\external\RadixEntity\src\iotypes\ValueType.cpp">
      <Filter>iotypes</Filter>
    </ClCompile>
    <ClCompile Include="..\..\glportal\external\RadixEngine\external\RadixEntity\src\Entity.cpp" />
    <ClCompile Include="..\..\glportal\external\RadixEngine\external\RadixEntity\src\Method.cpp" />
    <ClCompile Include="..\..\glportal\external\RadixEngine\external\RadixEntity\src\Property.cpp" />
    <ClCompile Include="..\..\glportal\external\RadixEngine\external\RadixEntity\src\Signal.cpp" />
  </ItemGroup>
  <ItemGroup>
    <Filter Include="iotypes">
      <UniqueIdentifier>{223bab6c-cc58-4c8b-b780-744a61fc6fbb}</UniqueIdentifier>
    </Filter>
  </ItemGroup>
</Project>